
Microsoft Visual Studio Solution File, Format Version 12.00
# Visual Studio Version 17
VisualStudioVersion = 17.5.002.0
MinimumVisualStudioVersion = 10.0.40219.1
Project("{9A19103F-16F7-4668-BE54-9A1E7A4F7556}") = "2-print_alphabet", "2-print_alphabet.csproj", "{310DF3ED-AE5F-4426-AFF5-986105B69426}"
EndProject
Global
	GlobalSection(SolutionConfigurationPlatforms) = preSolution
		Debug|Any CPU = Debug|Any CPU
		Release|Any CPU = Release|Any CPU
	EndGlobalSection
	GlobalSection(ProjectConfigurationPlatforms) = postSolution
		{310DF3ED-AE5F-4426-AFF5-986105B69426}.Debug|Any CPU.ActiveCfg = Debug|Any CPU
		{310DF3ED-AE5F-4426-AFF5-986105B69426}.Debug|Any CPU.Build.0 = Debug|Any CPU
		{310DF3ED-AE5F-4426-AFF5-986105B69426}.Release|Any CPU.ActiveCfg = Release|Any CPU
		{310DF3ED-AE5F-4426-AFF5-986105B69426}.Release|Any CPU.Build.0 = Release|Any CPU
	EndGlobalSection
	GlobalSection(SolutionProperties) = preSolution
		HideSolutionNode = FALSE
	EndGlobalSection
	GlobalSection(ExtensibilityGlobals) = postSolution
		SolutionGuid = {B6A1C1B9-CF0C-4698-94F9-0A699DBE0FDF}
	EndGlobalSection
EndGlobal
