
Microsoft Visual Studio Solution File, Format Version 12.00
# Visual Studio Version 17
VisualStudioVersion = 17.5.002.0
MinimumVisualStudioVersion = 10.0.40219.1
Project("{9A19103F-16F7-4668-BE54-9A1E7A4F7556}") = "0-positive_or_negative", "0-positive_or_negative.csproj", "{0A01D8AD-FD8D-4E2C-AD74-0B63419904D2}"
EndProject
Global
	GlobalSection(SolutionConfigurationPlatforms) = preSolution
		Debug|Any CPU = Debug|Any CPU
		Release|Any CPU = Release|Any CPU
	EndGlobalSection
	GlobalSection(ProjectConfigurationPlatforms) = postSolution
		{0A01D8AD-FD8D-4E2C-AD74-0B63419904D2}.Debug|Any CPU.ActiveCfg = Debug|Any CPU
		{0A01D8AD-FD8D-4E2C-AD74-0B63419904D2}.Debug|Any CPU.Build.0 = Debug|Any CPU
		{0A01D8AD-FD8D-4E2C-AD74-0B63419904D2}.Release|Any CPU.ActiveCfg = Release|Any CPU
		{0A01D8AD-FD8D-4E2C-AD74-0B63419904D2}.Release|Any CPU.Build.0 = Release|Any CPU
	EndGlobalSection
	GlobalSection(SolutionProperties) = preSolution
		HideSolutionNode = FALSE
	EndGlobalSection
	GlobalSection(ExtensibilityGlobals) = postSolution
		SolutionGuid = {AE0DF730-64E5-4731-B959-CCDD4DED95D0}
	EndGlobalSection
EndGlobal
