
Microsoft Visual Studio Solution File, Format Version 12.00
# Visual Studio Version 17
VisualStudioVersion = 17.5.002.0
MinimumVisualStudioVersion = 10.0.40219.1
Project("{9A19103F-16F7-4668-BE54-9A1E7A4F7556}") = "1-last_digit", "1-last_digit.csproj", "{2CE1FF4A-4B44-4DF9-A187-786083A07D7F}"
EndProject
Global
	GlobalSection(SolutionConfigurationPlatforms) = preSolution
		Debug|Any CPU = Debug|Any CPU
		Release|Any CPU = Release|Any CPU
	EndGlobalSection
	GlobalSection(ProjectConfigurationPlatforms) = postSolution
		{2CE1FF4A-4B44-4DF9-A187-786083A07D7F}.Debug|Any CPU.ActiveCfg = Debug|Any CPU
		{2CE1FF4A-4B44-4DF9-A187-786083A07D7F}.Debug|Any CPU.Build.0 = Debug|Any CPU
		{2CE1FF4A-4B44-4DF9-A187-786083A07D7F}.Release|Any CPU.ActiveCfg = Release|Any CPU
		{2CE1FF4A-4B44-4DF9-A187-786083A07D7F}.Release|Any CPU.Build.0 = Release|Any CPU
	EndGlobalSection
	GlobalSection(SolutionProperties) = preSolution
		HideSolutionNode = FALSE
	EndGlobalSection
	GlobalSection(ExtensibilityGlobals) = postSolution
		SolutionGuid = {D10997C9-0D87-4E73-B6EC-1A3ED8849733}
	EndGlobalSection
EndGlobal
